
Microsoft Visual Studio Solution File, Format Version 12.00
# Visual Studio 15
VisualStudioVersion = 15.0.27703.2035
MinimumVisualStudioVersion = 10.0.40219.1
Project("{FAE04EC0-301F-11D3-BF4B-00C04F79EFBC}") = "VSIXEnt", "VSIXEnt\VSIXEnt.csproj", "{9E1DCED0-A33B-4F04-B9BB-6D4DC1F57CD0}"
EndProject
Global
	GlobalSection(SolutionConfigurationPlatforms) = preSolution
		Debug|Any CPU = Debug|Any CPU
		Release|Any CPU = Release|Any CPU
	EndGlobalSection
	GlobalSection(ProjectConfigurationPlatforms) = postSolution
		{9E1DCED0-A33B-4F04-B9BB-6D4DC1F57CD0}.Debug|Any CPU.ActiveCfg = Debug|Any CPU
		{9E1DCED0-A33B-4F04-B9BB-6D4DC1F57CD0}.Debug|Any CPU.Build.0 = Debug|Any CPU
		{9E1DCED0-A33B-4F04-B9BB-6D4DC1F57CD0}.Release|Any CPU.ActiveCfg = Release|Any CPU
		{9E1DCED0-A33B-4F04-B9BB-6D4DC1F57CD0}.Release|Any CPU.Build.0 = Release|Any CPU
	EndGlobalSection
	GlobalSection(SolutionProperties) = preSolution
		HideSolutionNode = FALSE
	EndGlobalSection
	GlobalSection(ExtensibilityGlobals) = postSolution
		SolutionGuid = {2B2B4DF9-2A18-48A9-AAC2-FBB3DE322DC3}
	EndGlobalSection
EndGlobal
